// !$*UTF8*$!
{
	archiveVersion = 1;
	classes = {
	};
	objectVersion = 46;
	objects = {

/* Begin PBXBuildFile section */
		0D7AAF981D0A1D2B0085709B /* main.m in Sources */ = {isa = PBXBuildFile; fileRef = 0D7AAF971D0A1D2B0085709B /* main.m */; };
		0D7AAF9B1D0A1D2B0085709B /* AppDelegate.m in Sources */ = {isa = PBXBuildFile; fileRef = 0D7AAF9A1D0A1D2B0085709B /* AppDelegate.m */; };
		0D7AAF9E1D0A1D2B0085709B /* FirstViewController.m in Sources */ = {isa = PBXBuildFile; fileRef = 0D7AAF9D1D0A1D2B0085709B /* FirstViewController.m */; };
		0D7AAFA11D0A1D2B0085709B /* SecondViewController.m in Sources */ = {isa = PBXBuildFile; fileRef = 0D7AAFA01D0A1D2B0085709B /* SecondViewController.m */; };
		0D7AAFA41D0A1D2B0085709B /* Main.storyboard in Resources */ = {isa = PBXBuildFile; fileRef = 0D7AAFA21D0A1D2B0085709B /* Main.storyboard */; };
		0D7AAFA61D0A1D2B0085709B /* Assets.xcassets in Resources */ = {isa = PBXBuildFile; fileRef = 0D7AAFA51D0A1D2B0085709B /* Assets.xcassets */; };
		0D7AAFA91D0A1D2B0085709B /* LaunchScreen.storyboard in Resources */ = {isa = PBXBuildFile; fileRef = 0D7AAFA71D0A1D2B0085709B /* LaunchScreen.storyboard */; };
		0D7AAFB41D0A1D2B0085709B /* SlideToUnlockTests.m in Sources */ = {isa = PBXBuildFile; fileRef = 0D7AAFB31D0A1D2B0085709B /* SlideToUnlockTests.m */; };
		0D7AAFC31D0A1E990085709B /* background.jpg in Resources */ = {isa = PBXBuildFile; fileRef = 0D7AAFBF1D0A1E990085709B /* background.jpg */; };
		0D7AAFC41D0A1E990085709B /* clay_logo.png in Resources */ = {isa = PBXBuildFile; fileRef = 0D7AAFC01D0A1E990085709B /* clay_logo.png */; };
		0D7AAFC51D0A1E990085709B /* slide-to-unlock.png in Resources */ = {isa = PBXBuildFile; fileRef = 0D7AAFC11D0A1E990085709B /* slide-to-unlock.png */; };
		0D7AAFC61D0A1E990085709B /* unnamed.png in Resources */ = {isa = PBXBuildFile; fileRef = 0D7AAFC21D0A1E990085709B /* unnamed.png */; };
		0D7AAFCA1D1060690085709B /* CircularLock.m in Sources */ = {isa = PBXBuildFile; fileRef = 0D7AAFC91D1060690085709B /* CircularLock.m */; };
		0D7AAFCE1D10616E0085709B /* locked@2x.png in Resources */ = {isa = PBXBuildFile; fileRef = 0D7AAFCB1D10616E0085709B /* locked@2x.png */; };
		0D7AAFCF1D10616E0085709B /* lockedTransparent@2x.png in Resources */ = {isa = PBXBuildFile; fileRef = 0D7AAFCC1D10616E0085709B /* lockedTransparent@2x.png */; };
		0D7AAFD01D10616E0085709B /* unlocked@2x.png in Resources */ = {isa = PBXBuildFile; fileRef = 0D7AAFCD1D10616E0085709B /* unlocked@2x.png */; };
		0D7AAFD21D12A26F0085709B /* background1.jpg in Resources */ = {isa = PBXBuildFile; fileRef = 0D7AAFD11D12A26E0085709B /* background1.jpg */; };
		0D7AAFD41D12A51C0085709B /* my-clay-art-work.jpg in Resources */ = {isa = PBXBuildFile; fileRef = 0D7AAFD31D12A51C0085709B /* my-clay-art-work.jpg */; };
/* End PBXBuildFile section */

/* Begin PBXContainerItemProxy section */
		0D7AAFB01D0A1D2B0085709B /* PBXContainerItemProxy */ = {
			isa = PBXContainerItemProxy;
			containerPortal = 0D7AAF8B1D0A1D2B0085709B /* Project object */;
			proxyType = 1;
			remoteGlobalIDString = 0D7AAF921D0A1D2B0085709B;
			remoteInfo = SlideToUnlock;
		};
/* End PBXContainerItemProxy section */

/* Begin PBXFileReference section */
		0D7AAF931D0A1D2B0085709B /* SlideToUnlock.app */ = {isa = PBXFileReference; explicitFileType = wrapper.application; includeInIndex = 0; path = SlideToUnlock.app; sourceTree = BUILT_PRODUCTS_DIR; };
		0D7AAF971D0A1D2B0085709B /* main.m */ = {isa = PBXFileReference; lastKnownFileType = sourcecode.c.objc; path = main.m; sourceTree = "<group>"; };
		0D7AAF991D0A1D2B0085709B /* AppDelegate.h */ = {isa = PBXFileReference; lastKnownFileType = sourcecode.c.h; path = AppDelegate.h; sourceTree = "<group>"; };
		0D7AAF9A1D0A1D2B0085709B /* AppDelegate.m */ = {isa = PBXFileReference; lastKnownFileType = sourcecode.c.objc; path = AppDelegate.m; sourceTree = "<group>"; };
		0D7AAF9C1D0A1D2B0085709B /* FirstViewController.h */ = {isa = PBXFileReference; lastKnownFileType = sourcecode.c.h; path = FirstViewController.h; sourceTree = "<group>"; };
		0D7AAF9D1D0A1D2B0085709B /* FirstViewController.m */ = {isa = PBXFileReference; lastKnownFileType = sourcecode.c.objc; path = FirstViewController.m; sourceTree = "<group>"; };
		0D7AAF9F1D0A1D2B0085709B /* SecondViewController.h */ = {isa = PBXFileReference; lastKnownFileType = sourcecode.c.h; path = SecondViewController.h; sourceTree = "<group>"; };
		0D7AAFA01D0A1D2B0085709B /* SecondViewController.m */ = {isa = PBXFileReference; lastKnownFileType = sourcecode.c.objc; path = SecondViewController.m; sourceTree = "<group>"; };
		0D7AAFA31D0A1D2B0085709B /* Base */ = {isa = PBXFileReference; lastKnownFileType = file.storyboard; name = Base; path = Base.lproj/Main.storyboard; sourceTree = "<group>"; };
		0D7AAFA51D0A1D2B0085709B /* Assets.xcassets */ = {isa = PBXFileReference; lastKnownFileType = folder.assetcatalog; path = Assets.xcassets; sourceTree = "<group>"; };
		0D7AAFA81D0A1D2B0085709B /* Base */ = {isa = PBXFileReference; lastKnownFileType = file.storyboard; name = Base; path = Base.lproj/LaunchScreen.storyboard; sourceTree = "<group>"; };
		0D7AAFAA1D0A1D2B0085709B /* Info.plist */ = {isa = PBXFileReference; lastKnownFileType = text.plist.xml; path = Info.plist; sourceTree = "<group>"; };
		0D7AAFAF1D0A1D2B0085709B /* SlideToUnlockTests.xctest */ = {isa = PBXFileReference; explicitFileType = wrapper.cfbundle; includeInIndex = 0; path = SlideToUnlockTests.xctest; sourceTree = BUILT_PRODUCTS_DIR; };
		0D7AAFB31D0A1D2B0085709B /* SlideToUnlockTests.m */ = {isa = PBXFileReference; lastKnownFileType = sourcecode.c.objc; path = SlideToUnlockTests.m; sourceTree = "<group>"; };
		0D7AAFB51D0A1D2B0085709B /* Info.plist */ = {isa = PBXFileReference; lastKnownFileType = text.plist.xml; path = Info.plist; sourceTree = "<group>"; };
		0D7AAFBF1D0A1E990085709B /* background.jpg */ = {isa = PBXFileReference; lastKnownFileType = image.jpeg; name = background.jpg; path = Resources/background.jpg; sourceTree = "<group>"; };
		0D7AAFC01D0A1E990085709B /* clay_logo.png */ = {isa = PBXFileReference; lastKnownFileType = image.png; name = clay_logo.png; path = Resources/clay_logo.png; sourceTree = "<group>"; };
		0D7AAFC11D0A1E990085709B /* slide-to-unlock.png */ = {isa = PBXFileReference; lastKnownFileType = image.png; name = "slide-to-unlock.png"; path = "Resources/slide-to-unlock.png"; sourceTree = "<group>"; };
		0D7AAFC21D0A1E990085709B /* unnamed.png */ = {isa = PBXFileReference; lastKnownFileType = image.png; name = unnamed.png; path = Resources/unnamed.png; sourceTree = "<group>"; };
		0D7AAFC81D1060690085709B /* CircularLock.h */ = {isa = PBXFileReference; fileEncoding = 4; lastKnownFileType = sourcecode.c.h; path = CircularLock.h; sourceTree = "<group>"; };
		0D7AAFC91D1060690085709B /* CircularLock.m */ = {isa = PBXFileReference; fileEncoding = 4; lastKnownFileType = sourcecode.c.objc; path = CircularLock.m; sourceTree = "<group>"; };
		0D7AAFCB1D10616E0085709B /* locked@2x.png */ = {isa = PBXFileReference; lastKnownFileType = image.png; name = "locked@2x.png"; path = "Resources/locked@2x.png"; sourceTree = "<group>"; };
		0D7AAFCC1D10616E0085709B /* lockedTransparent@2x.png */ = {isa = PBXFileReference; lastKnownFileType = image.png; name = "lockedTransparent@2x.png"; path = "Resources/lockedTransparent@2x.png"; sourceTree = "<group>"; };
		0D7AAFCD1D10616E0085709B /* unlocked@2x.png */ = {isa = PBXFileReference; lastKnownFileType = image.png; name = "unlocked@2x.png"; path = "Resources/unlocked@2x.png"; sourceTree = "<group>"; };
		0D7AAFD11D12A26E0085709B /* background1.jpg */ = {isa = PBXFileReference; lastKnownFileType = image.jpeg; name = background1.jpg; path = Resources/background1.jpg; sourceTree = "<group>"; };
		0D7AAFD31D12A51C0085709B /* my-clay-art-work.jpg */ = {isa = PBXFileReference; lastKnownFileType = image.jpeg; name = "my-clay-art-work.jpg"; path = "Resources/my-clay-art-work.jpg"; sourceTree = "<group>"; };
/* End PBXFileReference section */

/* Begin PBXFrameworksBuildPhase section */
		0D7AAF901D0A1D2B0085709B /* Frameworks */ = {
			isa = PBXFrameworksBuildPhase;
			buildActionMask = 2147483647;
			files = (
			);
			runOnlyForDeploymentPostprocessing = 0;
		};
		0D7AAFAC1D0A1D2B0085709B /* Frameworks */ = {
			isa = PBXFrameworksBuildPhase;
			buildActionMask = 2147483647;
			files = (
			);
			runOnlyForDeploymentPostprocessing = 0;
		};
/* End PBXFrameworksBuildPhase section */

/* Begin PBXGroup section */
		0D7AAF8A1D0A1D2B0085709B = {
			isa = PBXGroup;
			children = (
				0D7AAF951D0A1D2B0085709B /* SlideToUnlock */,
				0D7AAFB21D0A1D2B0085709B /* SlideToUnlockTests */,
				0D7AAF941D0A1D2B0085709B /* Products */,
			);
			sourceTree = "<group>";
		};
		0D7AAF941D0A1D2B0085709B /* Products */ = {
			isa = PBXGroup;
			children = (
				0D7AAF931D0A1D2B0085709B /* SlideToUnlock.app */,
				0D7AAFAF1D0A1D2B0085709B /* SlideToUnlockTests.xctest */,
			);
			name = Products;
			sourceTree = "<group>";
		};
		0D7AAF951D0A1D2B0085709B /* SlideToUnlock */ = {
			isa = PBXGroup;
			children = (
				0D7AAF991D0A1D2B0085709B /* AppDelegate.h */,
				0D7AAF9A1D0A1D2B0085709B /* AppDelegate.m */,
				0D7AAF9C1D0A1D2B0085709B /* FirstViewController.h */,
				0D7AAF9D1D0A1D2B0085709B /* FirstViewController.m */,
				0D7AAF9F1D0A1D2B0085709B /* SecondViewController.h */,
				0D7AAFA01D0A1D2B0085709B /* SecondViewController.m */,
				0D7AAFA21D0A1D2B0085709B /* Main.storyboard */,
				0D7AAFA51D0A1D2B0085709B /* Assets.xcassets */,
				0D7AAFA71D0A1D2B0085709B /* LaunchScreen.storyboard */,
				0D7AAFAA1D0A1D2B0085709B /* Info.plist */,
				0D7AAFC71D1060690085709B /* Libs */,
				0D7AAFBE1D0A1E870085709B /* Resources */,
				0D7AAF961D0A1D2B0085709B /* Supporting Files */,
			);
			path = SlideToUnlock;
			sourceTree = "<group>";
		};
		0D7AAF961D0A1D2B0085709B /* Supporting Files */ = {
			isa = PBXGroup;
			children = (
				0D7AAF971D0A1D2B0085709B /* main.m */,
			);
			name = "Supporting Files";
			sourceTree = "<group>";
		};
		0D7AAFB21D0A1D2B0085709B /* SlideToUnlockTests */ = {
			isa = PBXGroup;
			children = (
				0D7AAFB31D0A1D2B0085709B /* SlideToUnlockTests.m */,
				0D7AAFB51D0A1D2B0085709B /* Info.plist */,
			);
			path = SlideToUnlockTests;
			sourceTree = "<group>";
		};
		0D7AAFBE1D0A1E870085709B /* Resources */ = {
			isa = PBXGroup;
			children = (
				0D7AAFD31D12A51C0085709B /* my-clay-art-work.jpg */,
				0D7AAFD11D12A26E0085709B /* background1.jpg */,
				0D7AAFCB1D10616E0085709B /* locked@2x.png */,
				0D7AAFCC1D10616E0085709B /* lockedTransparent@2x.png */,
				0D7AAFCD1D10616E0085709B /* unlocked@2x.png */,
				0D7AAFBF1D0A1E990085709B /* background.jpg */,
				0D7AAFC01D0A1E990085709B /* clay_logo.png */,
				0D7AAFC11D0A1E990085709B /* slide-to-unlock.png */,
				0D7AAFC21D0A1E990085709B /* unnamed.png */,
			);
			name = Resources;
			sourceTree = "<group>";
		};
		0D7AAFC71D1060690085709B /* Libs */ = {
			isa = PBXGroup;
			children = (
				0D7AAFC81D1060690085709B /* CircularLock.h */,
				0D7AAFC91D1060690085709B /* CircularLock.m */,
			);
			path = Libs;
			sourceTree = "<group>";
		};
/* End PBXGroup section */

/* Begin PBXNativeTarget section */
		0D7AAF921D0A1D2B0085709B /* SlideToUnlock */ = {
			isa = PBXNativeTarget;
			buildConfigurationList = 0D7AAFB81D0A1D2B0085709B /* Build configuration list for PBXNativeTarget "SlideToUnlock" */;
			buildPhases = (
				0D7AAF8F1D0A1D2B0085709B /* Sources */,
				0D7AAF901D0A1D2B0085709B /* Frameworks */,
				0D7AAF911D0A1D2B0085709B /* Resources */,
			);
			buildRules = (
			);
			dependencies = (
			);
			name = SlideToUnlock;
			productName = SlideToUnlock;
			productReference = 0D7AAF931D0A1D2B0085709B /* SlideToUnlock.app */;
			productType = "com.apple.product-type.application";
		};
		0D7AAFAE1D0A1D2B0085709B /* SlideToUnlockTests */ = {
			isa = PBXNativeTarget;
			buildConfigurationList = 0D7AAFBB1D0A1D2B0085709B /* Build configuration list for PBXNativeTarget "SlideToUnlockTests" */;
			buildPhases = (
				0D7AAFAB1D0A1D2B0085709B /* Sources */,
				0D7AAFAC1D0A1D2B0085709B /* Frameworks */,
				0D7AAFAD1D0A1D2B0085709B /* Resources */,
			);
			buildRules = (
			);
			dependencies = (
				0D7AAFB11D0A1D2B0085709B /* PBXTargetDependency */,
			);
			name = SlideToUnlockTests;
			productName = SlideToUnlockTests;
			productReference = 0D7AAFAF1D0A1D2B0085709B /* SlideToUnlockTests.xctest */;
			productType = "com.apple.product-type.bundle.unit-test";
		};
/* End PBXNativeTarget section */

/* Begin PBXProject section */
		0D7AAF8B1D0A1D2B0085709B /* Project object */ = {
			isa = PBXProject;
			attributes = {
				LastUpgradeCheck = 0720;
				ORGANIZATIONNAME = "Mulkey, Rodrigo S.";
				TargetAttributes = {
					0D7AAF921D0A1D2B0085709B = {
						CreatedOnToolsVersion = 7.2;
					};
					0D7AAFAE1D0A1D2B0085709B = {
						CreatedOnToolsVersion = 7.2;
						TestTargetID = 0D7AAF921D0A1D2B0085709B;
					};
				};
			};
			buildConfigurationList = 0D7AAF8E1D0A1D2B0085709B /* Build configuration list for PBXProject "SlideToUnlock" */;
			compatibilityVersion = "Xcode 3.2";
			developmentRegion = English;
			hasScannedForEncodings = 0;
			knownRegions = (
				en,
				Base,
			);
			mainGroup = 0D7AAF8A1D0A1D2B0085709B;
			productRefGroup = 0D7AAF941D0A1D2B0085709B /* Products */;
			projectDirPath = "";
			projectRoot = "";
			targets = (
				0D7AAF921D0A1D2B0085709B /* SlideToUnlock */,
				0D7AAFAE1D0A1D2B0085709B /* SlideToUnlockTests */,
			);
		};
/* End PBXProject section */

/* Begin PBXResourcesBuildPhase section */
		0D7AAF911D0A1D2B0085709B /* Resources */ = {
			isa = PBXResourcesBuildPhase;
			buildActionMask = 2147483647;
			files = (
				0D7AAFC61D0A1E990085709B /* unnamed.png in Resources */,
				0D7AAFD21D12A26F0085709B /* background1.jpg in Resources */,
				0D7AAFD01D10616E0085709B /* unlocked@2x.png in Resources */,
				0D7AAFC41D0A1E990085709B /* clay_logo.png in Resources */,
				0D7AAFCF1D10616E0085709B /* lockedTransparent@2x.png in Resources */,
				0D7AAFA91D0A1D2B0085709B /* LaunchScreen.storyboard in Resources */,
				0D7AAFC31D0A1E990085709B /* background.jpg in Resources */,
				0D7AAFD41D12A51C0085709B /* my-clay-art-work.jpg in Resources */,
				0D7AAFCE1D10616E0085709B /* locked@2x.png in Resources */,
				0D7AAFA61D0A1D2B0085709B /* Assets.xcassets in Resources */,
				0D7AAFC51D0A1E990085709B /* slide-to-unlock.png in Resources */,
				0D7AAFA41D0A1D2B0085709B /* Main.storyboard in Resources */,
			);
			runOnlyForDeploymentPostprocessing = 0;
		};
		0D7AAFAD1D0A1D2B0085709B /* Resources */ = {
			isa = PBXResourcesBuildPhase;
			buildActionMask = 2147483647;
			files = (
			);
			runOnlyForDeploymentPostprocessing = 0;
		};
/* End PBXResourcesBuildPhase section */

/* Begin PBXSourcesBuildPhase section */
		0D7AAF8F1D0A1D2B0085709B /* Sources */ = {
			isa = PBXSourcesBuildPhase;
			buildActionMask = 2147483647;
			files = (
				0D7AAFA11D0A1D2B0085709B /* SecondViewController.m in Sources */,
				0D7AAFCA1D1060690085709B /* CircularLock.m in Sources */,
				0D7AAF9B1D0A1D2B0085709B /* AppDelegate.m in Sources */,
				0D7AAF9E1D0A1D2B0085709B /* FirstViewController.m in Sources */,
				0D7AAF981D0A1D2B0085709B /* main.m in Sources */,
			);
			runOnlyForDeploymentPostprocessing = 0;
		};
		0D7AAFAB1D0A1D2B0085709B /* Sources */ = {
			isa = PBXSourcesBuildPhase;
			buildActionMask = 2147483647;
			files = (
				0D7AAFB41D0A1D2B0085709B /* SlideToUnlockTests.m in Sources */,
			);
			runOnlyForDeploymentPostprocessing = 0;
		};
/* End PBXSourcesBuildPhase section */

/* Begin PBXTargetDependency section */
		0D7AAFB11D0A1D2B0085709B /* PBXTargetDependency */ = {
			isa = PBXTargetDependency;
			target = 0D7AAF921D0A1D2B0085709B /* SlideToUnlock */;
			targetProxy = 0D7AAFB01D0A1D2B0085709B /* PBXContainerItemProxy */;
		};
/* End PBXTargetDependency section */

/* Begin PBXVariantGroup section */
		0D7AAFA21D0A1D2B0085709B /* Main.storyboard */ = {
			isa = PBXVariantGroup;
			children = (
				0D7AAFA31D0A1D2B0085709B /* Base */,
			);
			name = Main.storyboard;
			sourceTree = "<group>";
		};
		0D7AAFA71D0A1D2B0085709B /* LaunchScreen.storyboard */ = {
			isa = PBXVariantGroup;
			children = (
				0D7AAFA81D0A1D2B0085709B /* Base */,
			);
			name = LaunchScreen.storyboard;
			sourceTree = "<group>";
		};
/* End PBXVariantGroup section */

/* Begin XCBuildConfiguration section */
		0D7AAFB61D0A1D2B0085709B /* Debug */ = {
			isa = XCBuildConfiguration;
			buildSettings = {
				ALWAYS_SEARCH_USER_PATHS = NO;
				CLANG_CXX_LANGUAGE_STANDARD = "gnu++0x";
				CLANG_CXX_LIBRARY = "libc++";
				CLANG_ENABLE_MODULES = YES;
				CLANG_ENABLE_OBJC_ARC = YES;
				CLANG_WARN_BOOL_CONVERSION = YES;
				CLANG_WARN_CONSTANT_CONVERSION = YES;
				CLANG_WARN_DIRECT_OBJC_ISA_USAGE = YES_ERROR;
				CLANG_WARN_EMPTY_BODY = YES;
				CLANG_WARN_ENUM_CONVERSION = YES;
				CLANG_WARN_INT_CONVERSION = YES;
				CLANG_WARN_OBJC_ROOT_CLASS = YES_ERROR;
				CLANG_WARN_UNREACHABLE_CODE = YES;
				CLANG_WARN__DUPLICATE_METHOD_MATCH = YES;
				"CODE_SIGN_IDENTITY[sdk=iphoneos*]" = "iPhone Developer";
				COPY_PHASE_STRIP = NO;
				DEBUG_INFORMATION_FORMAT = dwarf;
				ENABLE_STRICT_OBJC_MSGSEND = YES;
				ENABLE_TESTABILITY = YES;
				GCC_C_LANGUAGE_STANDARD = gnu99;
				GCC_DYNAMIC_NO_PIC = NO;
				GCC_NO_COMMON_BLOCKS = YES;
				GCC_OPTIMIZATION_LEVEL = 0;
				GCC_PREPROCESSOR_DEFINITIONS = (
					"DEBUG=1",
					"$(inherited)",
				);
				GCC_WARN_64_TO_32_BIT_CONVERSION = YES;
				GCC_WARN_ABOUT_RETURN_TYPE = YES_ERROR;
				GCC_WARN_UNDECLARED_SELECTOR = YES;
				GCC_WARN_UNINITIALIZED_AUTOS = YES_AGGRESSIVE;
				GCC_WARN_UNUSED_FUNCTION = YES;
				GCC_WARN_UNUSED_VARIABLE = YES;
				IPHONEOS_DEPLOYMENT_TARGET = 9.2;
				MTL_ENABLE_DEBUG_INFO = YES;
				ONLY_ACTIVE_ARCH = YES;
				SDKROOT = iphoneos;
			};
			name = Debug;
		};
		0D7AAFB71D0A1D2B0085709B /* Release */ = {
			isa = XCBuildConfiguration;
			buildSettings = {
				ALWAYS_SEARCH_USER_PATHS = NO;
				CLANG_CXX_LANGUAGE_STANDARD = "gnu++0x";
				CLANG_CXX_LIBRARY = "libc++";
				CLANG_ENABLE_MODULES = YES;
				CLANG_ENABLE_OBJC_ARC = YES;
				CLANG_WARN_BOOL_CONVERSION = YES;
				CLANG_WARN_CONSTANT_CONVERSION = YES;
				CLANG_WARN_DIRECT_OBJC_ISA_USAGE = YES_ERROR;
				CLANG_WARN_EMPTY_BODY = YES;
				CLANG_WARN_ENUM_CONVERSION = YES;
				CLANG_WARN_INT_CONVERSION = YES;
				CLANG_WARN_OBJC_ROOT_CLASS = YES_ERROR;
				CLANG_WARN_UNREACHABLE_CODE = YES;
				CLANG_WARN__DUPLICATE_METHOD_MATCH = YES;
				"CODE_SIGN_IDENTITY[sdk=iphoneos*]" = "iPhone Developer";
				COPY_PHASE_STRIP = NO;
				DEBUG_INFORMATION_FORMAT = "dwarf-with-dsym";
				ENABLE_NS_ASSERTIONS = NO;
				ENABLE_STRICT_OBJC_MSGSEND = YES;
				GCC_C_LANGUAGE_STANDARD = gnu99;
				GCC_NO_COMMON_BLOCKS = YES;
				GCC_WARN_64_TO_32_BIT_CONVERSION = YES;
				GCC_WARN_ABOUT_RETURN_TYPE = YES_ERROR;
				GCC_WARN_UNDECLARED_SELECTOR = YES;
				GCC_WARN_UNINITIALIZED_AUTOS = YES_AGGRESSIVE;
				GCC_WARN_UNUSED_FUNCTION = YES;
				GCC_WARN_UNUSED_VARIABLE = YES;
				IPHONEOS_DEPLOYMENT_TARGET = 9.2;
				MTL_ENABLE_DEBUG_INFO = NO;
				SDKROOT = iphoneos;
				VALIDATE_PRODUCT = YES;
			};
			name = Release;
		};
		0D7AAFB91D0A1D2B0085709B /* Debug */ = {
			isa = XCBuildConfiguration;
			buildSettings = {
				ASSETCATALOG_COMPILER_APPICON_NAME = AppIcon;
				INFOPLIST_FILE = SlideToUnlock/Info.plist;
				LD_RUNPATH_SEARCH_PATHS = "$(inherited) @executable_path/Frameworks";
				PRODUCT_BUNDLE_IDENTIFIER = mulkey.SlideToUnlock;
				PRODUCT_NAME = "$(TARGET_NAME)";
			};
			name = Debug;
		};
		0D7AAFBA1D0A1D2B0085709B /* Release */ = {
			isa = XCBuildConfiguration;
			buildSettings = {
				ASSETCATALOG_COMPILER_APPICON_NAME = AppIcon;
				INFOPLIST_FILE = SlideToUnlock/Info.plist;
				LD_RUNPATH_SEARCH_PATHS = "$(inherited) @executable_path/Frameworks";
				PRODUCT_BUNDLE_IDENTIFIER = mulkey.SlideToUnlock;
				PRODUCT_NAME = "$(TARGET_NAME)";
			};
			name = Release;
		};
		0D7AAFBC1D0A1D2B0085709B /* Debug */ = {
			isa = XCBuildConfiguration;
			buildSettings = {
				BUNDLE_LOADER = "$(TEST_HOST)";
				INFOPLIST_FILE = SlideToUnlockTests/Info.plist;
				LD_RUNPATH_SEARCH_PATHS = "$(inherited) @executable_path/Frameworks @loader_path/Frameworks";
				PRODUCT_BUNDLE_IDENTIFIER = mulkey.SlideToUnlockTests;
				PRODUCT_NAME = "$(TARGET_NAME)";
				TEST_HOST = "$(BUILT_PRODUCTS_DIR)/SlideToUnlock.app/SlideToUnlock";
			};
			name = Debug;
		};
		0D7AAFBD1D0A1D2B0085709B /* Release */ = {
			isa = XCBuildConfiguration;
			buildSettings = {
				BUNDLE_LOADER = "$(TEST_HOST)";
				INFOPLIST_FILE = SlideToUnlockTests/Info.plist;
				LD_RUNPATH_SEARCH_PATHS = "$(inherited) @executable_path/Frameworks @loader_path/Frameworks";
				PRODUCT_BUNDLE_IDENTIFIER = mulkey.SlideToUnlockTests;
				PRODUCT_NAME = "$(TARGET_NAME)";
				TEST_HOST = "$(BUILT_PRODUCTS_DIR)/SlideToUnlock.app/SlideToUnlock";
			};
			name = Release;
		};
/* End XCBuildConfiguration section */

/* Begin XCConfigurationList section */
		0D7AAF8E1D0A1D2B0085709B /* Build configuration list for PBXProject "SlideToUnlock" */ = {
			isa = XCConfigurationList;
			buildConfigurations = (
				0D7AAFB61D0A1D2B0085709B /* Debug */,
				0D7AAFB71D0A1D2B0085709B /* Release */,
			);
			defaultConfigurationIsVisible = 0;
			defaultConfigurationName = Release;
		};
		0D7AAFB81D0A1D2B0085709B /* Build configuration list for PBXNativeTarget "SlideToUnlock" */ = {
			isa = XCConfigurationList;
			buildConfigurations = (
				0D7AAFB91D0A1D2B0085709B /* Debug */,
				0D7AAFBA1D0A1D2B0085709B /* Release */,
			);
			defaultConfigurationIsVisible = 0;
			defaultConfigurationName = Release;
		};
		0D7AAFBB1D0A1D2B0085709B /* Build configuration list for PBXNativeTarget "SlideToUnlockTests" */ = {
			isa = XCConfigurationList;
			buildConfigurations = (
				0D7AAFBC1D0A1D2B0085709B /* Debug */,
				0D7AAFBD1D0A1D2B0085709B /* Release */,
			);
			defaultConfigurationIsVisible = 0;
			defaultConfigurationName = Release;
		};
/* End XCConfigurationList section */
	};
	rootObject = 0D7AAF8B1D0A1D2B0085709B /* Project object */;
}
